
Microsoft Visual Studio Solution File, Format Version 12.00
# Visual Studio Version 17
VisualStudioVersion = 17.10.35122.118
MinimumVisualStudioVersion = 10.0.40219.1
Project("{FAE04EC0-301F-11D3-BF4B-00C04F79EFBC}") = "ERP_Billing", "ERP_Billing.csproj", "{4722CDC3-7900-45FA-9186-1AE0E0604C16}"
EndProject
Global
	GlobalSection(SolutionConfigurationPlatforms) = preSolution
		Debug|Any CPU = Debug|Any CPU
		Release|Any CPU = Release|Any CPU
	EndGlobalSection
	GlobalSection(ProjectConfigurationPlatforms) = postSolution
		{4722CDC3-7900-45FA-9186-1AE0E0604C16}.Debug|Any CPU.ActiveCfg = Debug|Any CPU
		{4722CDC3-7900-45FA-9186-1AE0E0604C16}.Debug|Any CPU.Build.0 = Debug|Any CPU
		{4722CDC3-7900-45FA-9186-1AE0E0604C16}.Release|Any CPU.ActiveCfg = Release|Any CPU
		{4722CDC3-7900-45FA-9186-1AE0E0604C16}.Release|Any CPU.Build.0 = Release|Any CPU
	EndGlobalSection
	GlobalSection(SolutionProperties) = preSolution
		HideSolutionNode = FALSE
	EndGlobalSection
	GlobalSection(ExtensibilityGlobals) = postSolution
		SolutionGuid = {3D91A331-D4F4-47FB-8F50-FD819ACE7EA4}
	EndGlobalSection
EndGlobal
